{
  "name": "openclaw-cases",
  "version": "2.0.0",
  "lockfileVersion": 3,
  "requires": true,
  "packages": {
    "": {
      "name": "openclaw-cases",
      "version": "2.0.0",
      "license": "MIT",
      "dependencies": {
        "dotenv": "^17.3.1",
        "youtube-caption-extractor": "^1.9.1"
      },
      "engines": {
        "node": ">=18"
      }
    },
    "node_modules/dotenv": {
      "version": "17.3.1",
      "resolved": "https://registry.npmjs.org/dotenv/-/dotenv-17.3.1.tgz",
      "integrity": "sha512-IO8C/dzEb6O3F9/twg6ZLXz164a2fhTnEWb95H23Dm4OuN+92NmEAlTrupP9VW6Jm3sO26tQlqyvyi4CsnY9GA==",
      "license": "BSD-2-Clause",
      "engines": {
        "node": ">=12"
      },
      "funding": {
        "url": "https://dotenvx.com"
      }
    },
    "node_modules/he": {
      "version": "1.2.0",
      "resolved": "https://registry.npmjs.org/he/-/he-1.2.0.tgz",
      "integrity": "sha512-F/1DnUGPopORZi0ni+CvrCgHQ5FyEAHRLSApuYWMmrbSwoN2Mn/7k+Gl38gJnR7yyDZk6WLXwiGod1JOWNDKGw==",
      "license": "MIT",
      "bin": {
        "he": "bin/he"
      }
    },
    "node_modules/striptags": {
      "version": "3.2.0",
      "resolved": "https://registry.npmjs.org/striptags/-/striptags-3.2.0.tgz",
      "integrity": "sha512-g45ZOGzHDMe2bdYMdIvdAfCQkCTDMGBazSw1ypMowwGIee7ZQ5dU0rBJ8Jqgl+jAKIv4dbeE1jscZq9wid1Tkw==",
      "license": "MIT"
    },
    "node_modules/youtube-caption-extractor": {
      "version": "1.9.1",
      "resolved": "https://registry.npmjs.org/youtube-caption-extractor/-/youtube-caption-extractor-1.9.1.tgz",
      "integrity": "sha512-KK1OparV3kpIIRkMgLRsQPE73Tu0hYy0CDKcWkF8O3eikyib0IqVjoDNDiGt0KhGbg0/jhh+VUOCcWn/G6nvAw==",
      "license": "MIT",
      "dependencies": {
        "he": "^1.2.0",
        "striptags": "^3.2.0"
      },
      "engines": {
        "node": ">=14.0.0"
      }
    }
  }
}
